// !$*UTF8*$!
{
	archiveVersion = 1;
	classes = {
	};
	objectVersion = 52;
	objects = {

/* Begin PBXBuildFile section */
		4217C19F25232A4A002F66DA /* AddStockView.swift in Sources */ = {isa = PBXBuildFile; fileRef = 4217C19E25232A4A002F66DA /* AddStockView.swift */; };
		422687792534AA1C004997C8 /* RemoteImage.swift in Sources */ = {isa = PBXBuildFile; fileRef = 422687782534AA1C004997C8 /* RemoteImage.swift */; };
		4226877E2534AEF9004997C8 /* NewsRowHeadlineView.swift in Sources */ = {isa = PBXBuildFile; fileRef = 4226877D2534AEF9004997C8 /* NewsRowHeadlineView.swift */; };
		422687812534DD07004997C8 /* RapidAPIAutocompleteResponse.swift in Sources */ = {isa = PBXBuildFile; fileRef = 422687802534DD07004997C8 /* RapidAPIAutocompleteResponse.swift */; };
		4226878825359F0F004997C8 /* CompanySummaryView.swift in Sources */ = {isa = PBXBuildFile; fileRef = 4226878725359F0F004997C8 /* CompanySummaryView.swift */; };
		4226878E2535A19C004997C8 /* URL+.swift in Sources */ = {isa = PBXBuildFile; fileRef = 4226878D2535A19B004997C8 /* URL+.swift */; };
		422687912535D68A004997C8 /* CompanyView.swift in Sources */ = {isa = PBXBuildFile; fileRef = 422687902535D68A004997C8 /* CompanyView.swift */; };
		427755882524725F008E0EF0 /* ChartViewModel.swift in Sources */ = {isa = PBXBuildFile; fileRef = 427755872524725F008E0EF0 /* ChartViewModel.swift */; };
		4277559225247756008E0EF0 /* ChartPeriod.swift in Sources */ = {isa = PBXBuildFile; fileRef = 4277559125247756008E0EF0 /* ChartPeriod.swift */; };
		4287BE4425276DEF00D0D238 /* MainView.swift in Sources */ = {isa = PBXBuildFile; fileRef = 4287BE4325276DEF00D0D238 /* MainView.swift */; };
		4287BE48252771C300D0D238 /* IEXNews.swift in Sources */ = {isa = PBXBuildFile; fileRef = 4287BE47252771C300D0D238 /* IEXNews.swift */; };
		4287BE4B252771E200D0D238 /* News.swift in Sources */ = {isa = PBXBuildFile; fileRef = 4287BE4A252771E200D0D238 /* News.swift */; };
		4287BE50252776FD00D0D238 /* NewsViewModel.swift in Sources */ = {isa = PBXBuildFile; fileRef = 4287BE4F252776FD00D0D238 /* NewsViewModel.swift */; };
		4287BE5525278B4900D0D238 /* ChartView.swift in Sources */ = {isa = PBXBuildFile; fileRef = 4287BE5425278B4900D0D238 /* ChartView.swift */; };
		4287BE5A252879FF00D0D238 /* NewsBodyView.swift in Sources */ = {isa = PBXBuildFile; fileRef = 4287BE59252879FF00D0D238 /* NewsBodyView.swift */; };
		4287BE612528837600D0D238 /* IEXSearchResult.swift in Sources */ = {isa = PBXBuildFile; fileRef = 4287BE602528837600D0D238 /* IEXSearchResult.swift */; };
		4287BE652528857200D0D238 /* SearchResult.swift in Sources */ = {isa = PBXBuildFile; fileRef = 4287BE642528857200D0D238 /* SearchResult.swift */; };
		4287BE692528AA7C00D0D238 /* SearchView.swift in Sources */ = {isa = PBXBuildFile; fileRef = 4287BE682528AA7C00D0D238 /* SearchView.swift */; };
		4287BE6C2528AA9A00D0D238 /* SearchViewModel.swift in Sources */ = {isa = PBXBuildFile; fileRef = 4287BE6B2528AA9A00D0D238 /* SearchViewModel.swift */; };
		4287BE6F2528BE3E00D0D238 /* AddStockViewModel.swift in Sources */ = {isa = PBXBuildFile; fileRef = 4287BE6E2528BE3E00D0D238 /* AddStockViewModel.swift */; };
		4287BE752529BE2900D0D238 /* IEXTag.swift in Sources */ = {isa = PBXBuildFile; fileRef = 4287BE742529BE2900D0D238 /* IEXTag.swift */; };
		4287BE782529BE4200D0D238 /* Tag.swift in Sources */ = {isa = PBXBuildFile; fileRef = 4287BE772529BE4200D0D238 /* Tag.swift */; };
		4287BE812529C2D800D0D238 /* DiscoverView.swift in Sources */ = {isa = PBXBuildFile; fileRef = 4287BE802529C2D800D0D238 /* DiscoverView.swift */; };
		4287BE842529C2F100D0D238 /* DiscoverViewModel.swift in Sources */ = {isa = PBXBuildFile; fileRef = 4287BE832529C2F100D0D238 /* DiscoverViewModel.swift */; };
		428A62CE2536E28500ABFF49 /* CompanyHeaderTabButtonView.swift in Sources */ = {isa = PBXBuildFile; fileRef = 428A62CD2536E28500ABFF49 /* CompanyHeaderTabButtonView.swift */; };
		428A62D42536E44200ABFF49 /* CompanyLoadedStateView.swift in Sources */ = {isa = PBXBuildFile; fileRef = 428A62D32536E44200ABFF49 /* CompanyLoadedStateView.swift */; };
		429DDBD22536CBB30039B6FE /* IEXCompanyDetail.swift in Sources */ = {isa = PBXBuildFile; fileRef = 429DDBD12536CBB30039B6FE /* IEXCompanyDetail.swift */; };
		429DDBD52536CBC80039B6FE /* CompanyDetail.swift in Sources */ = {isa = PBXBuildFile; fileRef = 429DDBD42536CBC80039B6FE /* CompanyDetail.swift */; };
		429DDBD82536CEB20039B6FE /* IEXStats.swift in Sources */ = {isa = PBXBuildFile; fileRef = 429DDBD72536CEB20039B6FE /* IEXStats.swift */; };
		429DDBDB2536D0150039B6FE /* Stats.swift in Sources */ = {isa = PBXBuildFile; fileRef = 429DDBDA2536D0150039B6FE /* Stats.swift */; };
		42A180882531F5BD00952D80 /* FeaturedNewsRowView.swift in Sources */ = {isa = PBXBuildFile; fileRef = 42A180872531F5BD00952D80 /* FeaturedNewsRowView.swift */; };
		42C8C0AB252468A300BA2BB4 /* SwiftUICharts in Frameworks */ = {isa = PBXBuildFile; productRef = 42C8C0AA252468A300BA2BB4 /* SwiftUICharts */; };
		42C8C0AE25246C2100BA2BB4 /* IEXChart.swift in Sources */ = {isa = PBXBuildFile; fileRef = 42C8C0AD25246C2100BA2BB4 /* IEXChart.swift */; };
		42C8C0B125246D4900BA2BB4 /* Chart.swift in Sources */ = {isa = PBXBuildFile; fileRef = 42C8C0B025246D4900BA2BB4 /* Chart.swift */; };
		42CA5CA12522144300198C29 /* StockPortfolioApp.swift in Sources */ = {isa = PBXBuildFile; fileRef = 42CA5CA02522144300198C29 /* StockPortfolioApp.swift */; };
		42CA5CA32522144300198C29 /* QuoteListView.swift in Sources */ = {isa = PBXBuildFile; fileRef = 42CA5CA22522144300198C29 /* QuoteListView.swift */; };
		42CA5CA52522144500198C29 /* Assets.xcassets in Resources */ = {isa = PBXBuildFile; fileRef = 42CA5CA42522144500198C29 /* Assets.xcassets */; };
		42CA5CA82522144500198C29 /* Preview Assets.xcassets in Resources */ = {isa = PBXBuildFile; fileRef = 42CA5CA72522144500198C29 /* Preview Assets.xcassets */; };
		42CA5CB32522148C00198C29 /* DataLoader.swift in Sources */ = {isa = PBXBuildFile; fileRef = 42CA5CB22522148C00198C29 /* DataLoader.swift */; };
		42CA5CB8252214DC00198C29 /* Environment.swift in Sources */ = {isa = PBXBuildFile; fileRef = 42CA5CB7252214DC00198C29 /* Environment.swift */; };
		42CA5CBD252216C800198C29 /* Quote.swift in Sources */ = {isa = PBXBuildFile; fileRef = 42CA5CBC252216C800198C29 /* Quote.swift */; };
		42CA5CC6252257E600198C29 /* API.swift in Sources */ = {isa = PBXBuildFile; fileRef = 42CA5CC5252257E600198C29 /* API.swift */; };
		42CA5CC9252270C800198C29 /* IEXQuote.swift in Sources */ = {isa = PBXBuildFile; fileRef = 42CA5CC8252270C800198C29 /* IEXQuote.swift */; };
		42CA5CCC2523016B00198C29 /* Endpoint.swift in Sources */ = {isa = PBXBuildFile; fileRef = 42CA5CCB2523016B00198C29 /* Endpoint.swift */; };
		42DE2E81252B5CDC0066CC71 /* EndpointProvider.swift in Sources */ = {isa = PBXBuildFile; fileRef = 42DE2E80252B5CDC0066CC71 /* EndpointProvider.swift */; };
		42DE2E90252B7A380066CC71 /* IEXCompany.swift in Sources */ = {isa = PBXBuildFile; fileRef = 42DE2E8F252B7A380066CC71 /* IEXCompany.swift */; };
		42DE2E93252B7B200066CC71 /* Company.swift in Sources */ = {isa = PBXBuildFile; fileRef = 42DE2E92252B7B200066CC71 /* Company.swift */; };
		42DE2E96252B7D1F0066CC71 /* CompanyViewModel.swift in Sources */ = {isa = PBXBuildFile; fileRef = 42DE2E95252B7D1F0066CC71 /* CompanyViewModel.swift */; };
		42DE2E99252B7E500066CC71 /* IEXLogo.swift in Sources */ = {isa = PBXBuildFile; fileRef = 42DE2E98252B7E500066CC71 /* IEXLogo.swift */; };
		42DEDC092525BEF3007A351C /* View+.swift in Sources */ = {isa = PBXBuildFile; fileRef = 42DEDC082525BEF3007A351C /* View+.swift */; };
		42DEDC0C2525BFDB007A351C /* Color+.swift in Sources */ = {isa = PBXBuildFile; fileRef = 42DEDC0B2525BFDB007A351C /* Color+.swift */; };
		42DEDC0F2525C60F007A351C /* Stock.swift in Sources */ = {isa = PBXBuildFile; fileRef = 42DEDC0E2525C60F007A351C /* Stock.swift */; };
		42E4380C25249CEF00F8385C /* NewsView.swift in Sources */ = {isa = PBXBuildFile; fileRef = 42E4380B25249CEF00F8385C /* NewsView.swift */; };
		42E438122524A3B000F8385C /* CoreDataStorage+.swift in Sources */ = {isa = PBXBuildFile; fileRef = 42E438112524A3B000F8385C /* CoreDataStorage+.swift */; };
		42E438152524A76600F8385C /* PortfolioValueView.swift in Sources */ = {isa = PBXBuildFile; fileRef = 42E438142524A76600F8385C /* PortfolioValueView.swift */; };
		42E438182524A9F800F8385C /* StockValue+.swift in Sources */ = {isa = PBXBuildFile; fileRef = 42E438172524A9F800F8385C /* StockValue+.swift */; };
		42E4381B2524AAF500F8385C /* Int+.swift in Sources */ = {isa = PBXBuildFile; fileRef = 42E4381A2524AAF500F8385C /* Int+.swift */; };
		42E6B2232537042A000DF7D4 /* QuoteDetail.swift in Sources */ = {isa = PBXBuildFile; fileRef = 42E6B2222537042A000DF7D4 /* QuoteDetail.swift */; };
		42E6B22625370451000DF7D4 /* IEXQuoteDetail.swift in Sources */ = {isa = PBXBuildFile; fileRef = 42E6B22525370451000DF7D4 /* IEXQuoteDetail.swift */; };
		42F539A0252CCA7000D47AF3 /* PortfolioView.swift in Sources */ = {isa = PBXBuildFile; fileRef = 42F5399F252CCA7000D47AF3 /* PortfolioView.swift */; };
		42F539A5252CCAD900D47AF3 /* PortfolioViewModel.swift in Sources */ = {isa = PBXBuildFile; fileRef = 42F539A4252CCAD900D47AF3 /* PortfolioViewModel.swift */; };
		42F539AC252CF6F600D47AF3 /* ListType.swift in Sources */ = {isa = PBXBuildFile; fileRef = 42F539AB252CF6F600D47AF3 /* ListType.swift */; };
		42F539B8252F5BD600D47AF3 /* PortfolioValueUseCase.swift in Sources */ = {isa = PBXBuildFile; fileRef = 42F539B7252F5BD600D47AF3 /* PortfolioValueUseCase.swift */; };
		42F539BF252F75AF00D47AF3 /* StockQuote.swift in Sources */ = {isa = PBXBuildFile; fileRef = 42F539BE252F75AF00D47AF3 /* StockQuote.swift */; };
		42F539C72531C1B000D47AF3 /* NewsRowView.swift in Sources */ = {isa = PBXBuildFile; fileRef = 42F539C62531C1B000D47AF3 /* NewsRowView.swift */; };
		42F7D2ED25236FA700537E30 /* StockPortfolio.xcdatamodeld in Sources */ = {isa = PBXBuildFile; fileRef = 42F7D2EB25236FA700537E30 /* StockPortfolio.xcdatamodeld */; };
		42F7D2F12523748B00537E30 /* PersistenceManager.swift in Sources */ = {isa = PBXBuildFile; fileRef = 42F7D2F02523748B00537E30 /* PersistenceManager.swift */; };
		42F7D30325237AD900537E30 /* StockCoreData+CoreDataClass.swift in Sources */ = {isa = PBXBuildFile; fileRef = 42F7D30125237AD900537E30 /* StockCoreData+CoreDataClass.swift */; };
		42F7D30425237AD900537E30 /* StockCoreData+CoreDataProperties.swift in Sources */ = {isa = PBXBuildFile; fileRef = 42F7D30225237AD900537E30 /* StockCoreData+CoreDataProperties.swift */; };
		42F7D30925238FEA00537E30 /* CoreDataStorage.swift in Sources */ = {isa = PBXBuildFile; fileRef = 42F7D30825238FEA00537E30 /* CoreDataStorage.swift */; };
		42F7D30C2523924900537E30 /* DataStorage.swift in Sources */ = {isa = PBXBuildFile; fileRef = 42F7D30B2523924900537E30 /* DataStorage.swift */; };
		42F7D3142523B14200537E30 /* Double+.swift in Sources */ = {isa = PBXBuildFile; fileRef = 42F7D3132523B14200537E30 /* Double+.swift */; };
		42F7D3172523B30400537E30 /* QuoteRowView.swift in Sources */ = {isa = PBXBuildFile; fileRef = 42F7D3162523B30400537E30 /* QuoteRowView.swift */; };
/* End PBXBuildFile section */

/* Begin PBXFileReference section */
		4217C19E25232A4A002F66DA /* AddStockView.swift */ = {isa = PBXFileReference; lastKnownFileType = sourcecode.swift; path = AddStockView.swift; sourceTree = "<group>"; };
		422687782534AA1C004997C8 /* RemoteImage.swift */ = {isa = PBXFileReference; lastKnownFileType = sourcecode.swift; path = RemoteImage.swift; sourceTree = "<group>"; };
		4226877D2534AEF9004997C8 /* NewsRowHeadlineView.swift */ = {isa = PBXFileReference; lastKnownFileType = sourcecode.swift; path = NewsRowHeadlineView.swift; sourceTree = "<group>"; };
		422687802534DD07004997C8 /* RapidAPIAutocompleteResponse.swift */ = {isa = PBXFileReference; lastKnownFileType = sourcecode.swift; path = RapidAPIAutocompleteResponse.swift; sourceTree = "<group>"; };
		4226878725359F0F004997C8 /* CompanySummaryView.swift */ = {isa = PBXFileReference; lastKnownFileType = sourcecode.swift; path = CompanySummaryView.swift; sourceTree = "<group>"; };
		4226878D2535A19B004997C8 /* URL+.swift */ = {isa = PBXFileReference; lastKnownFileType = sourcecode.swift; path = "URL+.swift"; sourceTree = "<group>"; };
		422687902535D68A004997C8 /* CompanyView.swift */ = {isa = PBXFileReference; lastKnownFileType = sourcecode.swift; path = CompanyView.swift; sourceTree = "<group>"; };
		427755872524725F008E0EF0 /* ChartViewModel.swift */ = {isa = PBXFileReference; lastKnownFileType = sourcecode.swift; path = ChartViewModel.swift; sourceTree = "<group>"; };
		4277559125247756008E0EF0 /* ChartPeriod.swift */ = {isa = PBXFileReference; lastKnownFileType = sourcecode.swift; path = ChartPeriod.swift; sourceTree = "<group>"; };
		4287BE4325276DEF00D0D238 /* MainView.swift */ = {isa = PBXFileReference; lastKnownFileType = sourcecode.swift; path = MainView.swift; sourceTree = "<group>"; };
		4287BE47252771C300D0D238 /* IEXNews.swift */ = {isa = PBXFileReference; lastKnownFileType = sourcecode.swift; path = IEXNews.swift; sourceTree = "<group>"; };
		4287BE4A252771E200D0D238 /* News.swift */ = {isa = PBXFileReference; lastKnownFileType = sourcecode.swift; path = News.swift; sourceTree = "<group>"; };
		4287BE4F252776FD00D0D238 /* NewsViewModel.swift */ = {isa = PBXFileReference; lastKnownFileType = sourcecode.swift; path = NewsViewModel.swift; sourceTree = "<group>"; };
		4287BE5425278B4900D0D238 /* ChartView.swift */ = {isa = PBXFileReference; lastKnownFileType = sourcecode.swift; path = ChartView.swift; sourceTree = "<group>"; };
		4287BE59252879FF00D0D238 /* NewsBodyView.swift */ = {isa = PBXFileReference; lastKnownFileType = sourcecode.swift; path = NewsBodyView.swift; sourceTree = "<group>"; };
		4287BE602528837600D0D238 /* IEXSearchResult.swift */ = {isa = PBXFileReference; lastKnownFileType = sourcecode.swift; path = IEXSearchResult.swift; sourceTree = "<group>"; };
		4287BE642528857200D0D238 /* SearchResult.swift */ = {isa = PBXFileReference; lastKnownFileType = sourcecode.swift; path = SearchResult.swift; sourceTree = "<group>"; };
		4287BE682528AA7C00D0D238 /* SearchView.swift */ = {isa = PBXFileReference; lastKnownFileType = sourcecode.swift; path = SearchView.swift; sourceTree = "<group>"; };
		4287BE6B2528AA9A00D0D238 /* SearchViewModel.swift */ = {isa = PBXFileReference; lastKnownFileType = sourcecode.swift; path = SearchViewModel.swift; sourceTree = "<group>"; };
		4287BE6E2528BE3E00D0D238 /* AddStockViewModel.swift */ = {isa = PBXFileReference; lastKnownFileType = sourcecode.swift; path = AddStockViewModel.swift; sourceTree = "<group>"; };
		4287BE742529BE2900D0D238 /* IEXTag.swift */ = {isa = PBXFileReference; lastKnownFileType = sourcecode.swift; path = IEXTag.swift; sourceTree = "<group>"; };
		4287BE772529BE4200D0D238 /* Tag.swift */ = {isa = PBXFileReference; lastKnownFileType = sourcecode.swift; path = Tag.swift; sourceTree = "<group>"; };
		4287BE802529C2D800D0D238 /* DiscoverView.swift */ = {isa = PBXFileReference; lastKnownFileType = sourcecode.swift; path = DiscoverView.swift; sourceTree = "<group>"; };
		4287BE832529C2F100D0D238 /* DiscoverViewModel.swift */ = {isa = PBXFileReference; lastKnownFileType = sourcecode.swift; path = DiscoverViewModel.swift; sourceTree = "<group>"; };
		428A62CD2536E28500ABFF49 /* CompanyHeaderTabButtonView.swift */ = {isa = PBXFileReference; lastKnownFileType = sourcecode.swift; path = CompanyHeaderTabButtonView.swift; sourceTree = "<group>"; };
		428A62D32536E44200ABFF49 /* CompanyLoadedStateView.swift */ = {isa = PBXFileReference; lastKnownFileType = sourcecode.swift; path = CompanyLoadedStateView.swift; sourceTree = "<group>"; };
		429DDBD12536CBB30039B6FE /* IEXCompanyDetail.swift */ = {isa = PBXFileReference; lastKnownFileType = sourcecode.swift; path = IEXCompanyDetail.swift; sourceTree = "<group>"; };
		429DDBD42536CBC80039B6FE /* CompanyDetail.swift */ = {isa = PBXFileReference; lastKnownFileType = sourcecode.swift; path = CompanyDetail.swift; sourceTree = "<group>"; };
		429DDBD72536CEB20039B6FE /* IEXStats.swift */ = {isa = PBXFileReference; lastKnownFileType = sourcecode.swift; path = IEXStats.swift; sourceTree = "<group>"; };
		429DDBDA2536D0150039B6FE /* Stats.swift */ = {isa = PBXFileReference; lastKnownFileType = sourcecode.swift; path = Stats.swift; sourceTree = "<group>"; };
		42A180872531F5BD00952D80 /* FeaturedNewsRowView.swift */ = {isa = PBXFileReference; lastKnownFileType = sourcecode.swift; path = FeaturedNewsRowView.swift; sourceTree = "<group>"; };
		42C8C0AD25246C2100BA2BB4 /* IEXChart.swift */ = {isa = PBXFileReference; lastKnownFileType = sourcecode.swift; path = IEXChart.swift; sourceTree = "<group>"; };
		42C8C0B025246D4900BA2BB4 /* Chart.swift */ = {isa = PBXFileReference; lastKnownFileType = sourcecode.swift; path = Chart.swift; sourceTree = "<group>"; };
		42CA5C9D2522144300198C29 /* StockPortfolio.app */ = {isa = PBXFileReference; explicitFileType = wrapper.application; includeInIndex = 0; path = StockPortfolio.app; sourceTree = BUILT_PRODUCTS_DIR; };
		42CA5CA02522144300198C29 /* StockPortfolioApp.swift */ = {isa = PBXFileReference; lastKnownFileType = sourcecode.swift; path = StockPortfolioApp.swift; sourceTree = "<group>"; };
		42CA5CA22522144300198C29 /* QuoteListView.swift */ = {isa = PBXFileReference; lastKnownFileType = sourcecode.swift; path = QuoteListView.swift; sourceTree = "<group>"; };
		42CA5CA42522144500198C29 /* Assets.xcassets */ = {isa = PBXFileReference; lastKnownFileType = folder.assetcatalog; path = Assets.xcassets; sourceTree = "<group>"; };
		42CA5CA72522144500198C29 /* Preview Assets.xcassets */ = {isa = PBXFileReference; lastKnownFileType = folder.assetcatalog; path = "Preview Assets.xcassets"; sourceTree = "<group>"; };
		42CA5CA92522144500198C29 /* Info.plist */ = {isa = PBXFileReference; lastKnownFileType = text.plist.xml; path = Info.plist; sourceTree = "<group>"; };
		42CA5CB22522148C00198C29 /* DataLoader.swift */ = {isa = PBXFileReference; lastKnownFileType = sourcecode.swift; path = DataLoader.swift; sourceTree = "<group>"; };
		42CA5CB7252214DC00198C29 /* Environment.swift */ = {isa = PBXFileReference; lastKnownFileType = sourcecode.swift; path = Environment.swift; sourceTree = "<group>"; };
		42CA5CBC252216C800198C29 /* Quote.swift */ = {isa = PBXFileReference; lastKnownFileType = sourcecode.swift; path = Quote.swift; sourceTree = "<group>"; };
		42CA5CC5252257E600198C29 /* API.swift */ = {isa = PBXFileReference; lastKnownFileType = sourcecode.swift; path = API.swift; sourceTree = "<group>"; };
		42CA5CC8252270C800198C29 /* IEXQuote.swift */ = {isa = PBXFileReference; lastKnownFileType = sourcecode.swift; path = IEXQuote.swift; sourceTree = "<group>"; };
		42CA5CCB2523016B00198C29 /* Endpoint.swift */ = {isa = PBXFileReference; lastKnownFileType = sourcecode.swift; path = Endpoint.swift; sourceTree = "<group>"; };
		42DE2E80252B5CDC0066CC71 /* EndpointProvider.swift */ = {isa = PBXFileReference; lastKnownFileType = sourcecode.swift; path = EndpointProvider.swift; sourceTree = "<group>"; };
		42DE2E8F252B7A380066CC71 /* IEXCompany.swift */ = {isa = PBXFileReference; lastKnownFileType = sourcecode.swift; path = IEXCompany.swift; sourceTree = "<group>"; };
		42DE2E92252B7B200066CC71 /* Company.swift */ = {isa = PBXFileReference; lastKnownFileType = sourcecode.swift; path = Company.swift; sourceTree = "<group>"; };
		42DE2E95252B7D1F0066CC71 /* CompanyViewModel.swift */ = {isa = PBXFileReference; lastKnownFileType = sourcecode.swift; path = CompanyViewModel.swift; sourceTree = "<group>"; };
		42DE2E98252B7E500066CC71 /* IEXLogo.swift */ = {isa = PBXFileReference; lastKnownFileType = sourcecode.swift; path = IEXLogo.swift; sourceTree = "<group>"; };
		42DEDC082525BEF3007A351C /* View+.swift */ = {isa = PBXFileReference; lastKnownFileType = sourcecode.swift; path = "View+.swift"; sourceTree = "<group>"; };
		42DEDC0B2525BFDB007A351C /* Color+.swift */ = {isa = PBXFileReference; lastKnownFileType = sourcecode.swift; path = "Color+.swift"; sourceTree = "<group>"; };
		42DEDC0E2525C60F007A351C /* Stock.swift */ = {isa = PBXFileReference; lastKnownFileType = sourcecode.swift; path = Stock.swift; sourceTree = "<group>"; };
		42E4380B25249CEF00F8385C /* NewsView.swift */ = {isa = PBXFileReference; lastKnownFileType = sourcecode.swift; path = NewsView.swift; sourceTree = "<group>"; };
		42E438112524A3B000F8385C /* CoreDataStorage+.swift */ = {isa = PBXFileReference; lastKnownFileType = sourcecode.swift; path = "CoreDataStorage+.swift"; sourceTree = "<group>"; };
		42E438142524A76600F8385C /* PortfolioValueView.swift */ = {isa = PBXFileReference; lastKnownFileType = sourcecode.swift; path = PortfolioValueView.swift; sourceTree = "<group>"; };
		42E438172524A9F800F8385C /* StockValue+.swift */ = {isa = PBXFileReference; lastKnownFileType = sourcecode.swift; path = "StockValue+.swift"; sourceTree = "<group>"; };
		42E4381A2524AAF500F8385C /* Int+.swift */ = {isa = PBXFileReference; lastKnownFileType = sourcecode.swift; path = "Int+.swift"; sourceTree = "<group>"; };
		42E6B2222537042A000DF7D4 /* QuoteDetail.swift */ = {isa = PBXFileReference; lastKnownFileType = sourcecode.swift; path = QuoteDetail.swift; sourceTree = "<group>"; };
		42E6B22525370451000DF7D4 /* IEXQuoteDetail.swift */ = {isa = PBXFileReference; lastKnownFileType = sourcecode.swift; path = IEXQuoteDetail.swift; sourceTree = "<group>"; };
		42F5399F252CCA7000D47AF3 /* PortfolioView.swift */ = {isa = PBXFileReference; lastKnownFileType = sourcecode.swift; path = PortfolioView.swift; sourceTree = "<group>"; };
		42F539A4252CCAD900D47AF3 /* PortfolioViewModel.swift */ = {isa = PBXFileReference; lastKnownFileType = sourcecode.swift; path = PortfolioViewModel.swift; sourceTree = "<group>"; };
		42F539AB252CF6F600D47AF3 /* ListType.swift */ = {isa = PBXFileReference; lastKnownFileType = sourcecode.swift; path = ListType.swift; sourceTree = "<group>"; };
		42F539B7252F5BD600D47AF3 /* PortfolioValueUseCase.swift */ = {isa = PBXFileReference; lastKnownFileType = sourcecode.swift; path = PortfolioValueUseCase.swift; sourceTree = "<group>"; };
		42F539BE252F75AF00D47AF3 /* StockQuote.swift */ = {isa = PBXFileReference; lastKnownFileType = sourcecode.swift; path = StockQuote.swift; sourceTree = "<group>"; };
		42F539C62531C1B000D47AF3 /* NewsRowView.swift */ = {isa = PBXFileReference; lastKnownFileType = sourcecode.swift; path = NewsRowView.swift; sourceTree = "<group>"; };
		42F7D2EC25236FA700537E30 /* StockPortfolio.xcdatamodel */ = {isa = PBXFileReference; lastKnownFileType = wrapper.xcdatamodel; path = StockPortfolio.xcdatamodel; sourceTree = "<group>"; };
		42F7D2F02523748B00537E30 /* PersistenceManager.swift */ = {isa = PBXFileReference; lastKnownFileType = sourcecode.swift; path = PersistenceManager.swift; sourceTree = "<group>"; };
		42F7D30125237AD900537E30 /* StockCoreData+CoreDataClass.swift */ = {isa = PBXFileReference; lastKnownFileType = sourcecode.swift; path = "StockCoreData+CoreDataClass.swift"; sourceTree = "<group>"; };
		42F7D30225237AD900537E30 /* StockCoreData+CoreDataProperties.swift */ = {isa = PBXFileReference; lastKnownFileType = sourcecode.swift; path = "StockCoreData+CoreDataProperties.swift"; sourceTree = "<group>"; };
		42F7D30825238FEA00537E30 /* CoreDataStorage.swift */ = {isa = PBXFileReference; lastKnownFileType = sourcecode.swift; path = CoreDataStorage.swift; sourceTree = "<group>"; };
		42F7D30B2523924900537E30 /* DataStorage.swift */ = {isa = PBXFileReference; lastKnownFileType = sourcecode.swift; path = DataStorage.swift; sourceTree = "<group>"; };
		42F7D3132523B14200537E30 /* Double+.swift */ = {isa = PBXFileReference; lastKnownFileType = sourcecode.swift; path = "Double+.swift"; sourceTree = "<group>"; };
		42F7D3162523B30400537E30 /* QuoteRowView.swift */ = {isa = PBXFileReference; lastKnownFileType = sourcecode.swift; path = QuoteRowView.swift; sourceTree = "<group>"; };
/* End PBXFileReference section */

/* Begin PBXFrameworksBuildPhase section */
		42CA5C9A2522144300198C29 /* Frameworks */ = {
			isa = PBXFrameworksBuildPhase;
			buildActionMask = 2147483647;
			files = (
				42C8C0AB252468A300BA2BB4 /* SwiftUICharts in Frameworks */,
			);
			runOnlyForDeploymentPostprocessing = 0;
		};
/* End PBXFrameworksBuildPhase section */

/* Begin PBXGroup section */
		4277558A25247264008E0EF0 /* CompanyView */ = {
			isa = PBXGroup;
			children = (
				428A62D12536E3EE00ABFF49 /* Main */,
				428A62CA2536E1CF00ABFF49 /* Summary */,
			);
			path = CompanyView;
			sourceTree = "<group>";
		};
		4277558C2524727E008E0EF0 /* QuoteList */ = {
			isa = PBXGroup;
			children = (
				42CA5CA22522144300198C29 /* QuoteListView.swift */,
				42F7D3162523B30400537E30 /* QuoteRowView.swift */,
				42E438142524A76600F8385C /* PortfolioValueView.swift */,
				42F539B7252F5BD600D47AF3 /* PortfolioValueUseCase.swift */,
			);
			path = QuoteList;
			sourceTree = "<group>";
		};
		4277558F25247294008E0EF0 /* AddStockView */ = {
			isa = PBXGroup;
			children = (
				4217C19E25232A4A002F66DA /* AddStockView.swift */,
				4287BE6E2528BE3E00D0D238 /* AddStockViewModel.swift */,
			);
			path = AddStockView;
			sourceTree = "<group>";
		};
		4287BE4225276DE600D0D238 /* MainView */ = {
			isa = PBXGroup;
			children = (
				4287BE4325276DEF00D0D238 /* MainView.swift */,
			);
			path = MainView;
			sourceTree = "<group>";
		};
		4287BE4E252776CE00D0D238 /* News */ = {
			isa = PBXGroup;
			children = (
				42E4380B25249CEF00F8385C /* NewsView.swift */,
				4287BE4F252776FD00D0D238 /* NewsViewModel.swift */,
				4287BE59252879FF00D0D238 /* NewsBodyView.swift */,
				42F539C62531C1B000D47AF3 /* NewsRowView.swift */,
				4226877D2534AEF9004997C8 /* NewsRowHeadlineView.swift */,
				42A180872531F5BD00952D80 /* FeaturedNewsRowView.swift */,
			);
			path = News;
			sourceTree = "<group>";
		};
		4287BE5325278B2F00D0D238 /* ChartView */ = {
			isa = PBXGroup;
			children = (
				4277559125247756008E0EF0 /* ChartPeriod.swift */,
				4287BE5425278B4900D0D238 /* ChartView.swift */,
				427755872524725F008E0EF0 /* ChartViewModel.swift */,
			);
			path = ChartView;
			sourceTree = "<group>";
		};
		4287BE672528AA6500D0D238 /* SearchView */ = {
			isa = PBXGroup;
			children = (
				4287BE682528AA7C00D0D238 /* SearchView.swift */,
				4287BE6B2528AA9A00D0D238 /* SearchViewModel.swift */,
			);
			path = SearchView;
			sourceTree = "<group>";
		};
		4287BE7F2529C2C600D0D238 /* DiscoverView */ = {
			isa = PBXGroup;
			children = (
				4287BE802529C2D800D0D238 /* DiscoverView.swift */,
				4287BE832529C2F100D0D238 /* DiscoverViewModel.swift */,
				42F539AB252CF6F600D47AF3 /* ListType.swift */,
			);
			path = DiscoverView;
			sourceTree = "<group>";
		};
		428A62CA2536E1CF00ABFF49 /* Summary */ = {
			isa = PBXGroup;
			children = (
				4226878725359F0F004997C8 /* CompanySummaryView.swift */,
			);
			path = Summary;
			sourceTree = "<group>";
		};
		428A62D12536E3EE00ABFF49 /* Main */ = {
			isa = PBXGroup;
			children = (
				422687902535D68A004997C8 /* CompanyView.swift */,
				428A62D32536E44200ABFF49 /* CompanyLoadedStateView.swift */,
				42DE2E95252B7D1F0066CC71 /* CompanyViewModel.swift */,
				428A62CD2536E28500ABFF49 /* CompanyHeaderTabButtonView.swift */,
			);
			path = Main;
			sourceTree = "<group>";
		};
		42C8C0B325246D6900BA2BB4 /* Core Data */ = {
			isa = PBXGroup;
			children = (
				42F7D30125237AD900537E30 /* StockCoreData+CoreDataClass.swift */,
				42F7D30225237AD900537E30 /* StockCoreData+CoreDataProperties.swift */,
			);
			path = "Core Data";
			sourceTree = "<group>";
		};
		42C8C0B425246D7C00BA2BB4 /* Domain */ = {
			isa = PBXGroup;
			children = (
				42CA5CBC252216C800198C29 /* Quote.swift */,
				42C8C0B025246D4900BA2BB4 /* Chart.swift */,
				42DEDC0E2525C60F007A351C /* Stock.swift */,
				4287BE772529BE4200D0D238 /* Tag.swift */,
				4287BE4A252771E200D0D238 /* News.swift */,
				4287BE642528857200D0D238 /* SearchResult.swift */,
				42DE2E92252B7B200066CC71 /* Company.swift */,
				42F539BE252F75AF00D47AF3 /* StockQuote.swift */,
				429DDBD42536CBC80039B6FE /* CompanyDetail.swift */,
				429DDBDA2536D0150039B6FE /* Stats.swift */,
				42E6B2222537042A000DF7D4 /* QuoteDetail.swift */,
			);
			path = Domain;
			sourceTree = "<group>";
		};
		42C8C0B525246D8300BA2BB4 /* API */ = {
			isa = PBXGroup;
			children = (
				42CA5CC8252270C800198C29 /* IEXQuote.swift */,
				42C8C0AD25246C2100BA2BB4 /* IEXChart.swift */,
				4287BE47252771C300D0D238 /* IEXNews.swift */,
				4287BE742529BE2900D0D238 /* IEXTag.swift */,
				4287BE602528837600D0D238 /* IEXSearchResult.swift */,
				42DE2E8F252B7A380066CC71 /* IEXCompany.swift */,
				42DE2E98252B7E500066CC71 /* IEXLogo.swift */,
				422687802534DD07004997C8 /* RapidAPIAutocompleteResponse.swift */,
				429DDBD12536CBB30039B6FE /* IEXCompanyDetail.swift */,
				429DDBD72536CEB20039B6FE /* IEXStats.swift */,
				42E6B22525370451000DF7D4 /* IEXQuoteDetail.swift */,
			);
			path = API;
			sourceTree = "<group>";
		};
		42CA5C942522144300198C29 = {
			isa = PBXGroup;
			children = (
				42CA5C9F2522144300198C29 /* StockPortfolio */,
				42CA5C9E2522144300198C29 /* Products */,
			);
			sourceTree = "<group>";
		};
		42CA5C9E2522144300198C29 /* Products */ = {
			isa = PBXGroup;
			children = (
				42CA5C9D2522144300198C29 /* StockPortfolio.app */,
			);
			name = Products;
			sourceTree = "<group>";
		};
		42CA5C9F2522144300198C29 /* StockPortfolio */ = {
			isa = PBXGroup;
			children = (
				42CA5CA02522144300198C29 /* StockPortfolioApp.swift */,
				42F7D30725238FDB00537E30 /* DataStorage */,
				42CA5CC02522195800198C29 /* View */,
				42CA5CBB252216C200198C29 /* Model */,
				42CA5CB6252214C800198C29 /* Environment */,
				42F7D3122523B13400537E30 /* Extensions */,
				42CA5CB12522147E00198C29 /* API */,
				42F7D2EB25236FA700537E30 /* StockPortfolio.xcdatamodeld */,
				42CA5CB02522146200198C29 /* Helpers */,
				42CA5CA42522144500198C29 /* Assets.xcassets */,
				42CA5CA92522144500198C29 /* Info.plist */,
				42CA5CA62522144500198C29 /* Preview Content */,
			);
			path = StockPortfolio;
			sourceTree = "<group>";
		};
		42CA5CA62522144500198C29 /* Preview Content */ = {
			isa = PBXGroup;
			children = (
				42CA5CA72522144500198C29 /* Preview Assets.xcassets */,
			);
			path = "Preview Content";
			sourceTree = "<group>";
		};
		42CA5CB02522146200198C29 /* Helpers */ = {
			isa = PBXGroup;
			children = (
				42CA5CD925231DC700198C29 /* ImageLoader */,
			);
			path = Helpers;
			sourceTree = "<group>";
		};
		42CA5CB12522147E00198C29 /* API */ = {
			isa = PBXGroup;
			children = (
				42CA5CC5252257E600198C29 /* API.swift */,
				42CA5CCB2523016B00198C29 /* Endpoint.swift */,
				42DE2E80252B5CDC0066CC71 /* EndpointProvider.swift */,
				42CA5CB22522148C00198C29 /* DataLoader.swift */,
			);
			path = API;
			sourceTree = "<group>";
		};
		42CA5CB6252214C800198C29 /* Environment */ = {
			isa = PBXGroup;
			children = (
				42CA5CB7252214DC00198C29 /* Environment.swift */,
			);
			path = Environment;
			sourceTree = "<group>";
		};
		42CA5CBB252216C200198C29 /* Model */ = {
			isa = PBXGroup;
			children = (
				42C8C0B525246D8300BA2BB4 /* API */,
				42C8C0B425246D7C00BA2BB4 /* Domain */,
				42C8C0B325246D6900BA2BB4 /* Core Data */,
			);
			path = Model;
			sourceTree = "<group>";
		};
		42CA5CC02522195800198C29 /* View */ = {
			isa = PBXGroup;
			children = (
				4287BE4225276DE600D0D238 /* MainView */,
				42F5399E252CCA6300D47AF3 /* PortfolioView */,
				4277558F25247294008E0EF0 /* AddStockView */,
				4287BE7F2529C2C600D0D238 /* DiscoverView */,
				4287BE672528AA6500D0D238 /* SearchView */,
				4277558C2524727E008E0EF0 /* QuoteList */,
				4277558A25247264008E0EF0 /* CompanyView */,
				4287BE4E252776CE00D0D238 /* News */,
				4287BE5325278B2F00D0D238 /* ChartView */,
			);
			path = View;
			sourceTree = "<group>";
		};
		42CA5CD925231DC700198C29 /* ImageLoader */ = {
			isa = PBXGroup;
			children = (
				422687782534AA1C004997C8 /* RemoteImage.swift */,
			);
			path = ImageLoader;
			sourceTree = "<group>";
		};
		42F5399E252CCA6300D47AF3 /* PortfolioView */ = {
			isa = PBXGroup;
			children = (
				42F5399F252CCA7000D47AF3 /* PortfolioView.swift */,
				42F539A4252CCAD900D47AF3 /* PortfolioViewModel.swift */,
			);
			path = PortfolioView;
			sourceTree = "<group>";
		};
		42F7D30725238FDB00537E30 /* DataStorage */ = {
			isa = PBXGroup;
			children = (
				42F7D2F02523748B00537E30 /* PersistenceManager.swift */,
				42F7D30825238FEA00537E30 /* CoreDataStorage.swift */,
				42F7D30B2523924900537E30 /* DataStorage.swift */,
			);
			path = DataStorage;
			sourceTree = "<group>";
		};
		42F7D3122523B13400537E30 /* Extensions */ = {
			isa = PBXGroup;
			children = (
				42F7D3132523B14200537E30 /* Double+.swift */,
				42E438172524A9F800F8385C /* StockValue+.swift */,
				42E438112524A3B000F8385C /* CoreDataStorage+.swift */,
				42E4381A2524AAF500F8385C /* Int+.swift */,
				42DEDC082525BEF3007A351C /* View+.swift */,
				42DEDC0B2525BFDB007A351C /* Color+.swift */,
				4226878D2535A19B004997C8 /* URL+.swift */,
			);
			path = Extensions;
			sourceTree = "<group>";
		};
/* End PBXGroup section */

/* Begin PBXNativeTarget section */
		42CA5C9C2522144300198C29 /* StockPortfolio */ = {
			isa = PBXNativeTarget;
			buildConfigurationList = 42CA5CAC2522144500198C29 /* Build configuration list for PBXNativeTarget "StockPortfolio" */;
			buildPhases = (
				42CA5C992522144300198C29 /* Sources */,
				42CA5C9A2522144300198C29 /* Frameworks */,
				42CA5C9B2522144300198C29 /* Resources */,
			);
			buildRules = (
			);
			dependencies = (
			);
			name = StockPortfolio;
			packageProductDependencies = (
				42C8C0AA252468A300BA2BB4 /* SwiftUICharts */,
			);
			productName = StockPortfolio;
			productReference = 42CA5C9D2522144300198C29 /* StockPortfolio.app */;
			productType = "com.apple.product-type.application";
		};
/* End PBXNativeTarget section */

/* Begin PBXProject section */
		42CA5C952522144300198C29 /* Project object */ = {
			isa = PBXProject;
			attributes = {
				LastSwiftUpdateCheck = 1220;
				LastUpgradeCheck = 1220;
				TargetAttributes = {
					42CA5C9C2522144300198C29 = {
						CreatedOnToolsVersion = 12.2;
					};
				};
			};
			buildConfigurationList = 42CA5C982522144300198C29 /* Build configuration list for PBXProject "StockPortfolio" */;
			compatibilityVersion = "Xcode 9.3";
			developmentRegion = en;
			hasScannedForEncodings = 0;
			knownRegions = (
				en,
				Base,
			);
			mainGroup = 42CA5C942522144300198C29;
			packageReferences = (
				42C8C0A9252468A300BA2BB4 /* XCRemoteSwiftPackageReference "ChartView" */,
			);
			productRefGroup = 42CA5C9E2522144300198C29 /* Products */;
			projectDirPath = "";
			projectRoot = "";
			targets = (
				42CA5C9C2522144300198C29 /* StockPortfolio */,
			);
		};
/* End PBXProject section */

/* Begin PBXResourcesBuildPhase section */
		42CA5C9B2522144300198C29 /* Resources */ = {
			isa = PBXResourcesBuildPhase;
			buildActionMask = 2147483647;
			files = (
				42CA5CA82522144500198C29 /* Preview Assets.xcassets in Resources */,
				42CA5CA52522144500198C29 /* Assets.xcassets in Resources */,
			);
			runOnlyForDeploymentPostprocessing = 0;
		};
/* End PBXResourcesBuildPhase section */

/* Begin PBXSourcesBuildPhase section */
		42CA5C992522144300198C29 /* Sources */ = {
			isa = PBXSourcesBuildPhase;
			buildActionMask = 2147483647;
			files = (
				427755882524725F008E0EF0 /* ChartViewModel.swift in Sources */,
				42F7D30325237AD900537E30 /* StockCoreData+CoreDataClass.swift in Sources */,
				428A62D42536E44200ABFF49 /* CompanyLoadedStateView.swift in Sources */,
				42CA5CB32522148C00198C29 /* DataLoader.swift in Sources */,
				4287BE48252771C300D0D238 /* IEXNews.swift in Sources */,
				422687812534DD07004997C8 /* RapidAPIAutocompleteResponse.swift in Sources */,
				42F539BF252F75AF00D47AF3 /* StockQuote.swift in Sources */,
				42F7D2F12523748B00537E30 /* PersistenceManager.swift in Sources */,
				42E4380C25249CEF00F8385C /* NewsView.swift in Sources */,
				429DDBD52536CBC80039B6FE /* CompanyDetail.swift in Sources */,
				4287BE6C2528AA9A00D0D238 /* SearchViewModel.swift in Sources */,
				4287BE812529C2D800D0D238 /* DiscoverView.swift in Sources */,
				422687792534AA1C004997C8 /* RemoteImage.swift in Sources */,
				429DDBD82536CEB20039B6FE /* IEXStats.swift in Sources */,
				42F7D30925238FEA00537E30 /* CoreDataStorage.swift in Sources */,
				42F7D30425237AD900537E30 /* StockCoreData+CoreDataProperties.swift in Sources */,
				4287BE50252776FD00D0D238 /* NewsViewModel.swift in Sources */,
				42F539AC252CF6F600D47AF3 /* ListType.swift in Sources */,
				4287BE4425276DEF00D0D238 /* MainView.swift in Sources */,
				42E438122524A3B000F8385C /* CoreDataStorage+.swift in Sources */,
				4287BE4B252771E200D0D238 /* News.swift in Sources */,
				4226878E2535A19C004997C8 /* URL+.swift in Sources */,
				42F7D3172523B30400537E30 /* QuoteRowView.swift in Sources */,
				428A62CE2536E28500ABFF49 /* CompanyHeaderTabButtonView.swift in Sources */,
				4287BE5525278B4900D0D238 /* ChartView.swift in Sources */,
				42DE2E96252B7D1F0066CC71 /* CompanyViewModel.swift in Sources */,
				42E6B2232537042A000DF7D4 /* QuoteDetail.swift in Sources */,
				42E438182524A9F800F8385C /* StockValue+.swift in Sources */,
				42CA5CCC2523016B00198C29 /* Endpoint.swift in Sources */,
				42DEDC092525BEF3007A351C /* View+.swift in Sources */,
				42C8C0AE25246C2100BA2BB4 /* IEXChart.swift in Sources */,
				42CA5CC9252270C800198C29 /* IEXQuote.swift in Sources */,
				42CA5CB8252214DC00198C29 /* Environment.swift in Sources */,
				42C8C0B125246D4900BA2BB4 /* Chart.swift in Sources */,
				42DEDC0F2525C60F007A351C /* Stock.swift in Sources */,
				42F539B8252F5BD600D47AF3 /* PortfolioValueUseCase.swift in Sources */,
				42F539A5252CCAD900D47AF3 /* PortfolioViewModel.swift in Sources */,
				42E438152524A76600F8385C /* PortfolioValueView.swift in Sources */,
				42DEDC0C2525BFDB007A351C /* Color+.swift in Sources */,
				42DE2E81252B5CDC0066CC71 /* EndpointProvider.swift in Sources */,
				4226877E2534AEF9004997C8 /* NewsRowHeadlineView.swift in Sources */,
				4217C19F25232A4A002F66DA /* AddStockView.swift in Sources */,
				42F539C72531C1B000D47AF3 /* NewsRowView.swift in Sources */,
				42CA5CA32522144300198C29 /* QuoteListView.swift in Sources */,
				4287BE6F2528BE3E00D0D238 /* AddStockViewModel.swift in Sources */,
				4287BE842529C2F100D0D238 /* DiscoverViewModel.swift in Sources */,
				4277559225247756008E0EF0 /* ChartPeriod.swift in Sources */,
				42DE2E93252B7B200066CC71 /* Company.swift in Sources */,
				42E6B22625370451000DF7D4 /* IEXQuoteDetail.swift in Sources */,
				4287BE612528837600D0D238 /* IEXSearchResult.swift in Sources */,
				4287BE692528AA7C00D0D238 /* SearchView.swift in Sources */,
				42DE2E99252B7E500066CC71 /* IEXLogo.swift in Sources */,
				42F7D30C2523924900537E30 /* DataStorage.swift in Sources */,
				4226878825359F0F004997C8 /* CompanySummaryView.swift in Sources */,
				42F539A0252CCA7000D47AF3 /* PortfolioView.swift in Sources */,
				42F7D2ED25236FA700537E30 /* StockPortfolio.xcdatamodeld in Sources */,
				4287BE652528857200D0D238 /* SearchResult.swift in Sources */,
				42CA5CBD252216C800198C29 /* Quote.swift in Sources */,
				42A180882531F5BD00952D80 /* FeaturedNewsRowView.swift in Sources */,
				42E4381B2524AAF500F8385C /* Int+.swift in Sources */,
				429DDBD22536CBB30039B6FE /* IEXCompanyDetail.swift in Sources */,
				4287BE5A252879FF00D0D238 /* NewsBodyView.swift in Sources */,
				422687912535D68A004997C8 /* CompanyView.swift in Sources */,
				42DE2E90252B7A380066CC71 /* IEXCompany.swift in Sources */,
				42F7D3142523B14200537E30 /* Double+.swift in Sources */,
				42CA5CA12522144300198C29 /* StockPortfolioApp.swift in Sources */,
				4287BE782529BE4200D0D238 /* Tag.swift in Sources */,
				4287BE752529BE2900D0D238 /* IEXTag.swift in Sources */,
				42CA5CC6252257E600198C29 /* API.swift in Sources */,
				429DDBDB2536D0150039B6FE /* Stats.swift in Sources */,
			);
			runOnlyForDeploymentPostprocessing = 0;
		};
/* End PBXSourcesBuildPhase section */

/* Begin XCBuildConfiguration section */
		42CA5CAA2522144500198C29 /* Debug */ = {
			isa = XCBuildConfiguration;
			buildSettings = {
				ALWAYS_SEARCH_USER_PATHS = NO;
				CLANG_ANALYZER_NONNULL = YES;
				CLANG_ANALYZER_NUMBER_OBJECT_CONVERSION = YES_AGGRESSIVE;
				CLANG_CXX_LANGUAGE_STANDARD = "gnu++14";
				CLANG_CXX_LIBRARY = "libc++";
				CLANG_ENABLE_MODULES = YES;
				CLANG_ENABLE_OBJC_ARC = YES;
				CLANG_ENABLE_OBJC_WEAK = YES;
				CLANG_WARN_BLOCK_CAPTURE_AUTORELEASING = YES;
				CLANG_WARN_BOOL_CONVERSION = YES;
				CLANG_WARN_COMMA = YES;
				CLANG_WARN_CONSTANT_CONVERSION = YES;
				CLANG_WARN_DEPRECATED_OBJC_IMPLEMENTATIONS = YES;
				CLANG_WARN_DIRECT_OBJC_ISA_USAGE = YES_ERROR;
				CLANG_WARN_DOCUMENTATION_COMMENTS = YES;
				CLANG_WARN_EMPTY_BODY = YES;
				CLANG_WARN_ENUM_CONVERSION = YES;
				CLANG_WARN_INFINITE_RECURSION = YES;
				CLANG_WARN_INT_CONVERSION = YES;
				CLANG_WARN_NON_LITERAL_NULL_CONVERSION = YES;
				CLANG_WARN_OBJC_IMPLICIT_RETAIN_SELF = YES;
				CLANG_WARN_OBJC_LITERAL_CONVERSION = YES;
				CLANG_WARN_OBJC_ROOT_CLASS = YES_ERROR;
				CLANG_WARN_QUOTED_INCLUDE_IN_FRAMEWORK_HEADER = YES;
				CLANG_WARN_RANGE_LOOP_ANALYSIS = YES;
				CLANG_WARN_STRICT_PROTOTYPES = YES;
				CLANG_WARN_SUSPICIOUS_MOVE = YES;
				CLANG_WARN_UNGUARDED_AVAILABILITY = YES_AGGRESSIVE;
				CLANG_WARN_UNREACHABLE_CODE = YES;
				CLANG_WARN__DUPLICATE_METHOD_MATCH = YES;
				COPY_PHASE_STRIP = NO;
				DEBUG_INFORMATION_FORMAT = dwarf;
				ENABLE_STRICT_OBJC_MSGSEND = YES;
				ENABLE_TESTABILITY = YES;
				GCC_C_LANGUAGE_STANDARD = gnu11;
				GCC_DYNAMIC_NO_PIC = NO;
				GCC_NO_COMMON_BLOCKS = YES;
				GCC_OPTIMIZATION_LEVEL = 0;
				GCC_PREPROCESSOR_DEFINITIONS = (
					"DEBUG=1",
					"$(inherited)",
				);
				GCC_WARN_64_TO_32_BIT_CONVERSION = YES;
				GCC_WARN_ABOUT_RETURN_TYPE = YES_ERROR;
				GCC_WARN_UNDECLARED_SELECTOR = YES;
				GCC_WARN_UNINITIALIZED_AUTOS = YES_AGGRESSIVE;
				GCC_WARN_UNUSED_FUNCTION = YES;
				GCC_WARN_UNUSED_VARIABLE = YES;
				IPHONEOS_DEPLOYMENT_TARGET = 14.2;
				MTL_ENABLE_DEBUG_INFO = INCLUDE_SOURCE;
				MTL_FAST_MATH = YES;
				ONLY_ACTIVE_ARCH = YES;
				SDKROOT = iphoneos;
				SWIFT_ACTIVE_COMPILATION_CONDITIONS = DEBUG;
				SWIFT_OPTIMIZATION_LEVEL = "-Onone";
			};
			name = Debug;
		};
		42CA5CAB2522144500198C29 /* Release */ = {
			isa = XCBuildConfiguration;
			buildSettings = {
				ALWAYS_SEARCH_USER_PATHS = NO;
				CLANG_ANALYZER_NONNULL = YES;
				CLANG_ANALYZER_NUMBER_OBJECT_CONVERSION = YES_AGGRESSIVE;
				CLANG_CXX_LANGUAGE_STANDARD = "gnu++14";
				CLANG_CXX_LIBRARY = "libc++";
				CLANG_ENABLE_MODULES = YES;
				CLANG_ENABLE_OBJC_ARC = YES;
				CLANG_ENABLE_OBJC_WEAK = YES;
				CLANG_WARN_BLOCK_CAPTURE_AUTORELEASING = YES;
				CLANG_WARN_BOOL_CONVERSION = YES;
				CLANG_WARN_COMMA = YES;
				CLANG_WARN_CONSTANT_CONVERSION = YES;
				CLANG_WARN_DEPRECATED_OBJC_IMPLEMENTATIONS = YES;
				CLANG_WARN_DIRECT_OBJC_ISA_USAGE = YES_ERROR;
				CLANG_WARN_DOCUMENTATION_COMMENTS = YES;
				CLANG_WARN_EMPTY_BODY = YES;
				CLANG_WARN_ENUM_CONVERSION = YES;
				CLANG_WARN_INFINITE_RECURSION = YES;
				CLANG_WARN_INT_CONVERSION = YES;
				CLANG_WARN_NON_LITERAL_NULL_CONVERSION = YES;
				CLANG_WARN_OBJC_IMPLICIT_RETAIN_SELF = YES;
				CLANG_WARN_OBJC_LITERAL_CONVERSION = YES;
				CLANG_WARN_OBJC_ROOT_CLASS = YES_ERROR;
				CLANG_WARN_QUOTED_INCLUDE_IN_FRAMEWORK_HEADER = YES;
				CLANG_WARN_RANGE_LOOP_ANALYSIS = YES;
				CLANG_WARN_STRICT_PROTOTYPES = YES;
				CLANG_WARN_SUSPICIOUS_MOVE = YES;
				CLANG_WARN_UNGUARDED_AVAILABILITY = YES_AGGRESSIVE;
				CLANG_WARN_UNREACHABLE_CODE = YES;
				CLANG_WARN__DUPLICATE_METHOD_MATCH = YES;
				COPY_PHASE_STRIP = NO;
				DEBUG_INFORMATION_FORMAT = "dwarf-with-dsym";
				ENABLE_NS_ASSERTIONS = NO;
				ENABLE_STRICT_OBJC_MSGSEND = YES;
				GCC_C_LANGUAGE_STANDARD = gnu11;
				GCC_NO_COMMON_BLOCKS = YES;
				GCC_WARN_64_TO_32_BIT_CONVERSION = YES;
				GCC_WARN_ABOUT_RETURN_TYPE = YES_ERROR;
				GCC_WARN_UNDECLARED_SELECTOR = YES;
				GCC_WARN_UNINITIALIZED_AUTOS = YES_AGGRESSIVE;
				GCC_WARN_UNUSED_FUNCTION = YES;
				GCC_WARN_UNUSED_VARIABLE = YES;
				IPHONEOS_DEPLOYMENT_TARGET = 14.2;
				MTL_ENABLE_DEBUG_INFO = NO;
				MTL_FAST_MATH = YES;
				SDKROOT = iphoneos;
				SWIFT_COMPILATION_MODE = wholemodule;
				SWIFT_OPTIMIZATION_LEVEL = "-O";
				VALIDATE_PRODUCT = YES;
			};
			name = Release;
		};
		42CA5CAD2522144500198C29 /* Debug */ = {
			isa = XCBuildConfiguration;
			buildSettings = {
				ASSETCATALOG_COMPILER_APPICON_NAME = AppIcon;
				ASSETCATALOG_COMPILER_GLOBAL_ACCENT_COLOR_NAME = AccentColor;
				CODE_SIGN_STYLE = Automatic;
				DEVELOPMENT_ASSET_PATHS = "\"StockPortfolio/Preview Content\"";
				DEVELOPMENT_TEAM = CPTD3EV4H4;
				ENABLE_PREVIEWS = YES;
				INFOPLIST_FILE = StockPortfolio/Info.plist;
				IPHONEOS_DEPLOYMENT_TARGET = 14.0;
				LD_RUNPATH_SEARCH_PATHS = (
					"$(inherited)",
					"@executable_path/Frameworks",
				);
				PRODUCT_BUNDLE_IDENTIFIER = Ivan.StockPortfolio;
				PRODUCT_NAME = "$(TARGET_NAME)";
				SWIFT_VERSION = 5.0;
				TARGETED_DEVICE_FAMILY = "1,2";
			};
			name = Debug;
		};
		42CA5CAE2522144500198C29 /* Release */ = {
			isa = XCBuildConfiguration;
			buildSettings = {
				ASSETCATALOG_COMPILER_APPICON_NAME = AppIcon;
				ASSETCATALOG_COMPILER_GLOBAL_ACCENT_COLOR_NAME = AccentColor;
				CODE_SIGN_STYLE = Automatic;
				DEVELOPMENT_ASSET_PATHS = "\"StockPortfolio/Preview Content\"";
				DEVELOPMENT_TEAM = CPTD3EV4H4;
				ENABLE_PREVIEWS = YES;
				INFOPLIST_FILE = StockPortfolio/Info.plist;
				IPHONEOS_DEPLOYMENT_TARGET = 14.0;
				LD_RUNPATH_SEARCH_PATHS = (
					"$(inherited)",
					"@executable_path/Frameworks",
				);
				PRODUCT_BUNDLE_IDENTIFIER = Ivan.StockPortfolio;
				PRODUCT_NAME = "$(TARGET_NAME)";
				SWIFT_OPTIMIZATION_LEVEL = "-Onone";
				SWIFT_VERSION = 5.0;
				TARGETED_DEVICE_FAMILY = "1,2";
			};
			name = Release;
		};
/* End XCBuildConfiguration section */

/* Begin XCConfigurationList section */
		42CA5C982522144300198C29 /* Build configuration list for PBXProject "StockPortfolio" */ = {
			isa = XCConfigurationList;
			buildConfigurations = (
				42CA5CAA2522144500198C29 /* Debug */,
				42CA5CAB2522144500198C29 /* Release */,
			);
			defaultConfigurationIsVisible = 0;
			defaultConfigurationName = Release;
		};
		42CA5CAC2522144500198C29 /* Build configuration list for PBXNativeTarget "StockPortfolio" */ = {
			isa = XCConfigurationList;
			buildConfigurations = (
				42CA5CAD2522144500198C29 /* Debug */,
				42CA5CAE2522144500198C29 /* Release */,
			);
			defaultConfigurationIsVisible = 0;
			defaultConfigurationName = Release;
		};
/* End XCConfigurationList section */

/* Begin XCRemoteSwiftPackageReference section */
		42C8C0A9252468A300BA2BB4 /* XCRemoteSwiftPackageReference "ChartView" */ = {
			isa = XCRemoteSwiftPackageReference;
			repositoryURL = "https://github.com/AppPear/ChartView";
			requirement = {
				kind = upToNextMajorVersion;
				minimumVersion = 1.5.4;
			};
		};
/* End XCRemoteSwiftPackageReference section */

/* Begin XCSwiftPackageProductDependency section */
		42C8C0AA252468A300BA2BB4 /* SwiftUICharts */ = {
			isa = XCSwiftPackageProductDependency;
			package = 42C8C0A9252468A300BA2BB4 /* XCRemoteSwiftPackageReference "ChartView" */;
			productName = SwiftUICharts;
		};
/* End XCSwiftPackageProductDependency section */

/* Begin XCVersionGroup section */
		42F7D2EB25236FA700537E30 /* StockPortfolio.xcdatamodeld */ = {
			isa = XCVersionGroup;
			children = (
				42F7D2EC25236FA700537E30 /* StockPortfolio.xcdatamodel */,
			);
			currentVersion = 42F7D2EC25236FA700537E30 /* StockPortfolio.xcdatamodel */;
			path = StockPortfolio.xcdatamodeld;
			sourceTree = "<group>";
			versionGroupType = wrapper.xcdatamodel;
		};
/* End XCVersionGroup section */
	};
	rootObject = 42CA5C952522144300198C29 /* Project object */;
}
